
Microsoft Visual Studio Solution File, Format Version 12.00
# Visual Studio 14
VisualStudioVersion = 14.0.25420.1
MinimumVisualStudioVersion = 10.0.40219.1
Project("{FAE04EC0-301F-11D3-BF4B-00C04F79EFBC}") = "SizananiBentham", "SizananiBentham\SizananiBentham.csproj", "{886DFBC0-E921-49EB-813C-11E1AF24E066}"
EndProject
Global
	GlobalSection(SolutionConfigurationPlatforms) = preSolution
		Debug|Any CPU = Debug|Any CPU
		Release|Any CPU = Release|Any CPU
	EndGlobalSection
	GlobalSection(ProjectConfigurationPlatforms) = postSolution
		{886DFBC0-E921-49EB-813C-11E1AF24E066}.Debug|Any CPU.ActiveCfg = Debug|Any CPU
		{886DFBC0-E921-49EB-813C-11E1AF24E066}.Debug|Any CPU.Build.0 = Debug|Any CPU
		{886DFBC0-E921-49EB-813C-11E1AF24E066}.Release|Any CPU.ActiveCfg = Release|Any CPU
		{886DFBC0-E921-49EB-813C-11E1AF24E066}.Release|Any CPU.Build.0 = Release|Any CPU
	EndGlobalSection
	GlobalSection(SolutionProperties) = preSolution
		HideSolutionNode = FALSE
	EndGlobalSection
EndGlobal
